
Microsoft Visual Studio Solution File, Format Version 12.00
# Visual Studio Version 17
VisualStudioVersion = 17.6.33723.286
MinimumVisualStudioVersion = 10.0.40219.1
Project("{FAE04EC0-301F-11D3-BF4B-00C04F79EFBC}") = "ApiSistemaInventario", "ApiSistemaInventario\ApiSistemaInventario.csproj", "{AD1F8D00-BF9B-4D2C-93A0-73511E59E043}"
EndProject
Global
	GlobalSection(SolutionConfigurationPlatforms) = preSolution
		Debug|Any CPU = Debug|Any CPU
		Release|Any CPU = Release|Any CPU
	EndGlobalSection
	GlobalSection(ProjectConfigurationPlatforms) = postSolution
		{AD1F8D00-BF9B-4D2C-93A0-73511E59E043}.Debug|Any CPU.ActiveCfg = Debug|Any CPU
		{AD1F8D00-BF9B-4D2C-93A0-73511E59E043}.Debug|Any CPU.Build.0 = Debug|Any CPU
		{AD1F8D00-BF9B-4D2C-93A0-73511E59E043}.Release|Any CPU.ActiveCfg = Release|Any CPU
		{AD1F8D00-BF9B-4D2C-93A0-73511E59E043}.Release|Any CPU.Build.0 = Release|Any CPU
	EndGlobalSection
	GlobalSection(SolutionProperties) = preSolution
		HideSolutionNode = FALSE
	EndGlobalSection
	GlobalSection(ExtensibilityGlobals) = postSolution
		SolutionGuid = {38EE34A9-CD31-4840-A1AF-E87B88B24EA8}
	EndGlobalSection
EndGlobal
